
Microsoft Visual Studio Solution File, Format Version 12.00
# Visual Studio Version 16
VisualStudioVersion = 16.0.31205.134
MinimumVisualStudioVersion = 10.0.40219.1
Project("{FAE04EC0-301F-11D3-BF4B-00C04F79EFBC}") = "Catalog.Console", "Catalog.Console\Catalog.Console.csproj", "{1BB8E594-936E-496B-A6CD-455B4A3DB8E8}"
EndProject
Project("{FAE04EC0-301F-11D3-BF4B-00C04F79EFBC}") = "Catalog.Data", "Catalog.Data\Catalog.Data.csproj", "{D41E258F-FE14-4EA5-A43C-978ECDCC2936}"
EndProject
Global
	GlobalSection(SolutionConfigurationPlatforms) = preSolution
		Debug|Any CPU = Debug|Any CPU
		Release|Any CPU = Release|Any CPU
	EndGlobalSection
	GlobalSection(ProjectConfigurationPlatforms) = postSolution
		{1BB8E594-936E-496B-A6CD-455B4A3DB8E8}.Debug|Any CPU.ActiveCfg = Debug|Any CPU
		{1BB8E594-936E-496B-A6CD-455B4A3DB8E8}.Debug|Any CPU.Build.0 = Debug|Any CPU
		{1BB8E594-936E-496B-A6CD-455B4A3DB8E8}.Release|Any CPU.ActiveCfg = Release|Any CPU
		{1BB8E594-936E-496B-A6CD-455B4A3DB8E8}.Release|Any CPU.Build.0 = Release|Any CPU
		{D41E258F-FE14-4EA5-A43C-978ECDCC2936}.Debug|Any CPU.ActiveCfg = Debug|Any CPU
		{D41E258F-FE14-4EA5-A43C-978ECDCC2936}.Debug|Any CPU.Build.0 = Debug|Any CPU
		{D41E258F-FE14-4EA5-A43C-978ECDCC2936}.Release|Any CPU.ActiveCfg = Release|Any CPU
		{D41E258F-FE14-4EA5-A43C-978ECDCC2936}.Release|Any CPU.Build.0 = Release|Any CPU
	EndGlobalSection
	GlobalSection(SolutionProperties) = preSolution
		HideSolutionNode = FALSE
	EndGlobalSection
	GlobalSection(ExtensibilityGlobals) = postSolution
		SolutionGuid = {F10CFF15-0D87-4B16-935D-DC4194E68A4C}
	EndGlobalSection
EndGlobal
